
Microsoft Visual Studio Solution File, Format Version 12.00
# Visual Studio 15
VisualStudioVersion = 15.0.27004.2006
MinimumVisualStudioVersion = 10.0.40219.1
Project("{9A19103F-16F7-4668-BE54-9A1E7A4F7556}") = "CustomVisionCompanion.Engine", "CustomVisionCompanion.Engine\CustomVisionCompanion.Engine.csproj", "{668E62B0-C5F7-4275-AB0F-8132B936DDB6}"
EndProject
Project("{FAE04EC0-301F-11D3-BF4B-00C04F79EFBC}") = "CustomVisionCompanion", "CustomVisionCompanion\CustomVisionCompanion.csproj", "{B0C56CEE-DA98-483B-B132-0614AE68E8D0}"
EndProject
Global
	GlobalSection(SolutionConfigurationPlatforms) = preSolution
		Debug|Any CPU = Debug|Any CPU
		Debug|ARM = Debug|ARM
		Debug|x64 = Debug|x64
		Debug|x86 = Debug|x86
		Release|Any CPU = Release|Any CPU
		Release|ARM = Release|ARM
		Release|x64 = Release|x64
		Release|x86 = Release|x86
	EndGlobalSection
	GlobalSection(ProjectConfigurationPlatforms) = postSolution
		{668E62B0-C5F7-4275-AB0F-8132B936DDB6}.Debug|Any CPU.ActiveCfg = Debug|Any CPU
		{668E62B0-C5F7-4275-AB0F-8132B936DDB6}.Debug|Any CPU.Build.0 = Debug|Any CPU
		{668E62B0-C5F7-4275-AB0F-8132B936DDB6}.Debug|ARM.ActiveCfg = Debug|Any CPU
		{668E62B0-C5F7-4275-AB0F-8132B936DDB6}.Debug|ARM.Build.0 = Debug|Any CPU
		{668E62B0-C5F7-4275-AB0F-8132B936DDB6}.Debug|x64.ActiveCfg = Debug|Any CPU
		{668E62B0-C5F7-4275-AB0F-8132B936DDB6}.Debug|x64.Build.0 = Debug|Any CPU
		{668E62B0-C5F7-4275-AB0F-8132B936DDB6}.Debug|x86.ActiveCfg = Debug|Any CPU
		{668E62B0-C5F7-4275-AB0F-8132B936DDB6}.Debug|x86.Build.0 = Debug|Any CPU
		{668E62B0-C5F7-4275-AB0F-8132B936DDB6}.Release|Any CPU.ActiveCfg = Release|Any CPU
		{668E62B0-C5F7-4275-AB0F-8132B936DDB6}.Release|Any CPU.Build.0 = Release|Any CPU
		{668E62B0-C5F7-4275-AB0F-8132B936DDB6}.Release|ARM.ActiveCfg = Release|Any CPU
		{668E62B0-C5F7-4275-AB0F-8132B936DDB6}.Release|ARM.Build.0 = Release|Any CPU
		{668E62B0-C5F7-4275-AB0F-8132B936DDB6}.Release|x64.ActiveCfg = Release|Any CPU
		{668E62B0-C5F7-4275-AB0F-8132B936DDB6}.Release|x64.Build.0 = Release|Any CPU
		{668E62B0-C5F7-4275-AB0F-8132B936DDB6}.Release|x86.ActiveCfg = Release|Any CPU
		{668E62B0-C5F7-4275-AB0F-8132B936DDB6}.Release|x86.Build.0 = Release|Any CPU
		{B0C56CEE-DA98-483B-B132-0614AE68E8D0}.Debug|Any CPU.ActiveCfg = Debug|x86
		{B0C56CEE-DA98-483B-B132-0614AE68E8D0}.Debug|ARM.ActiveCfg = Debug|ARM
		{B0C56CEE-DA98-483B-B132-0614AE68E8D0}.Debug|ARM.Build.0 = Debug|ARM
		{B0C56CEE-DA98-483B-B132-0614AE68E8D0}.Debug|ARM.Deploy.0 = Debug|ARM
		{B0C56CEE-DA98-483B-B132-0614AE68E8D0}.Debug|x64.ActiveCfg = Debug|x64
		{B0C56CEE-DA98-483B-B132-0614AE68E8D0}.Debug|x64.Build.0 = Debug|x64
		{B0C56CEE-DA98-483B-B132-0614AE68E8D0}.Debug|x64.Deploy.0 = Debug|x64
		{B0C56CEE-DA98-483B-B132-0614AE68E8D0}.Debug|x86.ActiveCfg = Debug|x86
		{B0C56CEE-DA98-483B-B132-0614AE68E8D0}.Debug|x86.Build.0 = Debug|x86
		{B0C56CEE-DA98-483B-B132-0614AE68E8D0}.Debug|x86.Deploy.0 = Debug|x86
		{B0C56CEE-DA98-483B-B132-0614AE68E8D0}.Release|Any CPU.ActiveCfg = Release|x86
		{B0C56CEE-DA98-483B-B132-0614AE68E8D0}.Release|ARM.ActiveCfg = Release|ARM
		{B0C56CEE-DA98-483B-B132-0614AE68E8D0}.Release|ARM.Build.0 = Release|ARM
		{B0C56CEE-DA98-483B-B132-0614AE68E8D0}.Release|ARM.Deploy.0 = Release|ARM
		{B0C56CEE-DA98-483B-B132-0614AE68E8D0}.Release|x64.ActiveCfg = Release|x64
		{B0C56CEE-DA98-483B-B132-0614AE68E8D0}.Release|x64.Build.0 = Release|x64
		{B0C56CEE-DA98-483B-B132-0614AE68E8D0}.Release|x64.Deploy.0 = Release|x64
		{B0C56CEE-DA98-483B-B132-0614AE68E8D0}.Release|x86.ActiveCfg = Release|x86
		{B0C56CEE-DA98-483B-B132-0614AE68E8D0}.Release|x86.Build.0 = Release|x86
		{B0C56CEE-DA98-483B-B132-0614AE68E8D0}.Release|x86.Deploy.0 = Release|x86
	EndGlobalSection
	GlobalSection(SolutionProperties) = preSolution
		HideSolutionNode = FALSE
	EndGlobalSection
	GlobalSection(ExtensibilityGlobals) = postSolution
		SolutionGuid = {F608787B-B68B-4C07-8F96-EBF6B3D749E9}
	EndGlobalSection
EndGlobal
